
Microsoft Visual Studio Solution File, Format Version 12.00
# Visual Studio Version 16
VisualStudioVersion = 16.0.31005.135
MinimumVisualStudioVersion = 10.0.40219.1
Project("{9A19103F-16F7-4668-BE54-9A1E7A4F7556}") = "DataAccess", "DataAccess\DataAccess.csproj", "{96CB32EC-1108-49A9-B01F-C1FE5E71B706}"
EndProject
Project("{9A19103F-16F7-4668-BE54-9A1E7A4F7556}") = "Entities", "Entities\Entities.csproj", "{C66A4173-C858-4A66-8981-869F89C1A821}"
EndProject
Project("{9A19103F-16F7-4668-BE54-9A1E7A4F7556}") = "Business", "Business\Business.csproj", "{05A53375-7310-4C65-9B24-34E7EF8AAED2}"
EndProject
Project("{9A19103F-16F7-4668-BE54-9A1E7A4F7556}") = "ConsoleUI", "ConsoleUI\ConsoleUI.csproj", "{2A7C0A40-4CB4-4A0D-B14B-22BDF894E773}"
EndProject
Project("{9A19103F-16F7-4668-BE54-9A1E7A4F7556}") = "Core", "Core\Core.csproj", "{92F775E4-9C0F-41DA-AB75-403BBCC4E87D}"
EndProject
Project("{FAE04EC0-301F-11D3-BF4B-00C04F79EFBC}") = "WebAPI", "WebAPI\WebAPI.csproj", "{66060CCA-C31C-4637-8E2D-2FB4D6B4870F}"
EndProject
Global
	GlobalSection(SolutionConfigurationPlatforms) = preSolution
		Debug|Any CPU = Debug|Any CPU
		Release|Any CPU = Release|Any CPU
	EndGlobalSection
	GlobalSection(ProjectConfigurationPlatforms) = postSolution
		{96CB32EC-1108-49A9-B01F-C1FE5E71B706}.Debug|Any CPU.ActiveCfg = Debug|Any CPU
		{96CB32EC-1108-49A9-B01F-C1FE5E71B706}.Debug|Any CPU.Build.0 = Debug|Any CPU
		{96CB32EC-1108-49A9-B01F-C1FE5E71B706}.Release|Any CPU.ActiveCfg = Release|Any CPU
		{96CB32EC-1108-49A9-B01F-C1FE5E71B706}.Release|Any CPU.Build.0 = Release|Any CPU
		{C66A4173-C858-4A66-8981-869F89C1A821}.Debug|Any CPU.ActiveCfg = Debug|Any CPU
		{C66A4173-C858-4A66-8981-869F89C1A821}.Debug|Any CPU.Build.0 = Debug|Any CPU
		{C66A4173-C858-4A66-8981-869F89C1A821}.Release|Any CPU.ActiveCfg = Release|Any CPU
		{C66A4173-C858-4A66-8981-869F89C1A821}.Release|Any CPU.Build.0 = Release|Any CPU
		{05A53375-7310-4C65-9B24-34E7EF8AAED2}.Debug|Any CPU.ActiveCfg = Debug|Any CPU
		{05A53375-7310-4C65-9B24-34E7EF8AAED2}.Debug|Any CPU.Build.0 = Debug|Any CPU
		{05A53375-7310-4C65-9B24-34E7EF8AAED2}.Release|Any CPU.ActiveCfg = Release|Any CPU
		{05A53375-7310-4C65-9B24-34E7EF8AAED2}.Release|Any CPU.Build.0 = Release|Any CPU
		{2A7C0A40-4CB4-4A0D-B14B-22BDF894E773}.Debug|Any CPU.ActiveCfg = Debug|Any CPU
		{2A7C0A40-4CB4-4A0D-B14B-22BDF894E773}.Debug|Any CPU.Build.0 = Debug|Any CPU
		{2A7C0A40-4CB4-4A0D-B14B-22BDF894E773}.Release|Any CPU.ActiveCfg = Release|Any CPU
		{2A7C0A40-4CB4-4A0D-B14B-22BDF894E773}.Release|Any CPU.Build.0 = Release|Any CPU
		{92F775E4-9C0F-41DA-AB75-403BBCC4E87D}.Debug|Any CPU.ActiveCfg = Debug|Any CPU
		{92F775E4-9C0F-41DA-AB75-403BBCC4E87D}.Debug|Any CPU.Build.0 = Debug|Any CPU
		{92F775E4-9C0F-41DA-AB75-403BBCC4E87D}.Release|Any CPU.ActiveCfg = Release|Any CPU
		{92F775E4-9C0F-41DA-AB75-403BBCC4E87D}.Release|Any CPU.Build.0 = Release|Any CPU
		{66060CCA-C31C-4637-8E2D-2FB4D6B4870F}.Debug|Any CPU.ActiveCfg = Debug|Any CPU
		{66060CCA-C31C-4637-8E2D-2FB4D6B4870F}.Debug|Any CPU.Build.0 = Debug|Any CPU
		{66060CCA-C31C-4637-8E2D-2FB4D6B4870F}.Release|Any CPU.ActiveCfg = Release|Any CPU
		{66060CCA-C31C-4637-8E2D-2FB4D6B4870F}.Release|Any CPU.Build.0 = Release|Any CPU
	EndGlobalSection
	GlobalSection(SolutionProperties) = preSolution
		HideSolutionNode = FALSE
	EndGlobalSection
	GlobalSection(ExtensibilityGlobals) = postSolution
		SolutionGuid = {F2A3A3B3-7B3B-4CCC-9AB4-617E3CEEB30F}
	EndGlobalSection
EndGlobal
